
Microsoft Visual Studio Solution File, Format Version 12.00
# Visual Studio Version 17
VisualStudioVersion = 17.3.32901.215
MinimumVisualStudioVersion = 10.0.40219.1
Project("{9A19103F-16F7-4668-BE54-9A1E7A4F7556}") = "ProjoctApiCountry", "ProjoctApiCountry\ProjoctApiCountry.csproj", "{32DC085A-00A4-4AD5-BB85-F78BFBA33D0E}"
EndProject
Project("{9A19103F-16F7-4668-BE54-9A1E7A4F7556}") = "WinApi", "WinApi\WinApi.csproj", "{9E0CA35C-661A-4871-8748-6FA6B834DDE0}"
EndProject
Project("{9A19103F-16F7-4668-BE54-9A1E7A4F7556}") = "DATA", "DATA\DATA.csproj", "{2EE8F274-996B-446A-A649-33C1891BB688}"
EndProject
Project("{FAE04EC0-301F-11D3-BF4B-00C04F79EFBC}") = "Helper", "Helper\Helper.csproj", "{D7CFDDD1-74D6-43F1-83D9-D9EF0244730C}"
EndProject
Global
	GlobalSection(SolutionConfigurationPlatforms) = preSolution
		Debug|Any CPU = Debug|Any CPU
		Release|Any CPU = Release|Any CPU
	EndGlobalSection
	GlobalSection(ProjectConfigurationPlatforms) = postSolution
		{32DC085A-00A4-4AD5-BB85-F78BFBA33D0E}.Debug|Any CPU.ActiveCfg = Debug|Any CPU
		{32DC085A-00A4-4AD5-BB85-F78BFBA33D0E}.Debug|Any CPU.Build.0 = Debug|Any CPU
		{32DC085A-00A4-4AD5-BB85-F78BFBA33D0E}.Release|Any CPU.ActiveCfg = Release|Any CPU
		{32DC085A-00A4-4AD5-BB85-F78BFBA33D0E}.Release|Any CPU.Build.0 = Release|Any CPU
		{9E0CA35C-661A-4871-8748-6FA6B834DDE0}.Debug|Any CPU.ActiveCfg = Debug|Any CPU
		{9E0CA35C-661A-4871-8748-6FA6B834DDE0}.Debug|Any CPU.Build.0 = Debug|Any CPU
		{9E0CA35C-661A-4871-8748-6FA6B834DDE0}.Release|Any CPU.ActiveCfg = Release|Any CPU
		{9E0CA35C-661A-4871-8748-6FA6B834DDE0}.Release|Any CPU.Build.0 = Release|Any CPU
		{2EE8F274-996B-446A-A649-33C1891BB688}.Debug|Any CPU.ActiveCfg = Debug|Any CPU
		{2EE8F274-996B-446A-A649-33C1891BB688}.Debug|Any CPU.Build.0 = Debug|Any CPU
		{2EE8F274-996B-446A-A649-33C1891BB688}.Release|Any CPU.ActiveCfg = Release|Any CPU
		{2EE8F274-996B-446A-A649-33C1891BB688}.Release|Any CPU.Build.0 = Release|Any CPU
		{D7CFDDD1-74D6-43F1-83D9-D9EF0244730C}.Debug|Any CPU.ActiveCfg = Debug|Any CPU
		{D7CFDDD1-74D6-43F1-83D9-D9EF0244730C}.Debug|Any CPU.Build.0 = Debug|Any CPU
		{D7CFDDD1-74D6-43F1-83D9-D9EF0244730C}.Release|Any CPU.ActiveCfg = Release|Any CPU
		{D7CFDDD1-74D6-43F1-83D9-D9EF0244730C}.Release|Any CPU.Build.0 = Release|Any CPU
	EndGlobalSection
	GlobalSection(SolutionProperties) = preSolution
		HideSolutionNode = FALSE
	EndGlobalSection
	GlobalSection(ExtensibilityGlobals) = postSolution
		SolutionGuid = {58DF06A7-28A1-4670-97D3-80CC853E1E96}
	EndGlobalSection
EndGlobal
